// !$*UTF8*$!
{
	archiveVersion = 1;
	classes = {
	};
	objectVersion = 52;
	objects = {

/* Begin PBXBuildFile section */
		22101BF524A8E93C00EFFD78 /* OTPKit in Frameworks */ = {isa = PBXBuildFile; productRef = 22101BF424A8E93C00EFFD78 /* OTPKit */; };
		22101BF824A8E94600EFFD78 /* OTPKit in Frameworks */ = {isa = PBXBuildFile; productRef = 22101BF724A8E94600EFFD78 /* OTPKit */; };
		22101BFA24A8EEB000EFFD78 /* GradientText.swift in Sources */ = {isa = PBXBuildFile; fileRef = 22101BF924A8EEB000EFFD78 /* GradientText.swift */; };
		22101BFB24A8EEB000EFFD78 /* GradientText.swift in Sources */ = {isa = PBXBuildFile; fileRef = 22101BF924A8EEB000EFFD78 /* GradientText.swift */; };
		2285E02524AABCAD0028E234 /* ScannerViewController.swift in Sources */ = {isa = PBXBuildFile; fileRef = 2285E02324AABCAD0028E234 /* ScannerViewController.swift */; };
		2285E02624AABCAD0028E234 /* ScannerViewController.swift in Sources */ = {isa = PBXBuildFile; fileRef = 2285E02324AABCAD0028E234 /* ScannerViewController.swift */; };
		2285E02724AABCAD0028E234 /* ScannerView.swift in Sources */ = {isa = PBXBuildFile; fileRef = 2285E02424AABCAD0028E234 /* ScannerView.swift */; };
		2285E02824AABCAD0028E234 /* ScannerView.swift in Sources */ = {isa = PBXBuildFile; fileRef = 2285E02424AABCAD0028E234 /* ScannerView.swift */; };
		22EFD05E24ABD16C00A208C2 /* AccountView.swift in Sources */ = {isa = PBXBuildFile; fileRef = 22EFD05D24ABD16C00A208C2 /* AccountView.swift */; };
		22EFD05F24ABD16C00A208C2 /* AccountView.swift in Sources */ = {isa = PBXBuildFile; fileRef = 22EFD05D24ABD16C00A208C2 /* AccountView.swift */; };
		22EFD06124ABD1CC00A208C2 /* CircularButton.swift in Sources */ = {isa = PBXBuildFile; fileRef = 22EFD06024ABD1CC00A208C2 /* CircularButton.swift */; };
		22EFD06224ABD1CC00A208C2 /* CircularButton.swift in Sources */ = {isa = PBXBuildFile; fileRef = 22EFD06024ABD1CC00A208C2 /* CircularButton.swift */; };
		22F2853B24A8E823002FDD8C /* Tests_iOS.swift in Sources */ = {isa = PBXBuildFile; fileRef = 22F2853A24A8E823002FDD8C /* Tests_iOS.swift */; };
		22F2854624A8E823002FDD8C /* Tests_macOS.swift in Sources */ = {isa = PBXBuildFile; fileRef = 22F2854524A8E823002FDD8C /* Tests_macOS.swift */; };
		22F2854824A8E823002FDD8C /* ShinyAuthApp.swift in Sources */ = {isa = PBXBuildFile; fileRef = 22F2851F24A8E822002FDD8C /* ShinyAuthApp.swift */; };
		22F2854924A8E823002FDD8C /* ShinyAuthApp.swift in Sources */ = {isa = PBXBuildFile; fileRef = 22F2851F24A8E822002FDD8C /* ShinyAuthApp.swift */; };
		22F2854A24A8E823002FDD8C /* ContentView.swift in Sources */ = {isa = PBXBuildFile; fileRef = 22F2852024A8E822002FDD8C /* ContentView.swift */; };
		22F2854B24A8E823002FDD8C /* ContentView.swift in Sources */ = {isa = PBXBuildFile; fileRef = 22F2852024A8E822002FDD8C /* ContentView.swift */; };
		22F2854C24A8E823002FDD8C /* Assets.xcassets in Resources */ = {isa = PBXBuildFile; fileRef = 22F2852124A8E822002FDD8C /* Assets.xcassets */; };
		22F2854D24A8E823002FDD8C /* Assets.xcassets in Resources */ = {isa = PBXBuildFile; fileRef = 22F2852124A8E822002FDD8C /* Assets.xcassets */; };
/* End PBXBuildFile section */

/* Begin PBXContainerItemProxy section */
		22F2853724A8E823002FDD8C /* PBXContainerItemProxy */ = {
			isa = PBXContainerItemProxy;
			containerPortal = 22F2851A24A8E822002FDD8C /* Project object */;
			proxyType = 1;
			remoteGlobalIDString = 22F2852524A8E822002FDD8C;
			remoteInfo = iOS;
		};
		22F2854224A8E823002FDD8C /* PBXContainerItemProxy */ = {
			isa = PBXContainerItemProxy;
			containerPortal = 22F2851A24A8E822002FDD8C /* Project object */;
			proxyType = 1;
			remoteGlobalIDString = 22F2852D24A8E823002FDD8C;
			remoteInfo = macOS;
		};
/* End PBXContainerItemProxy section */

/* Begin PBXFileReference section */
		22101BF924A8EEB000EFFD78 /* GradientText.swift */ = {isa = PBXFileReference; lastKnownFileType = sourcecode.swift; path = GradientText.swift; sourceTree = "<group>"; };
		2285E02324AABCAD0028E234 /* ScannerViewController.swift */ = {isa = PBXFileReference; fileEncoding = 4; lastKnownFileType = sourcecode.swift; path = ScannerViewController.swift; sourceTree = "<group>"; };
		2285E02424AABCAD0028E234 /* ScannerView.swift */ = {isa = PBXFileReference; fileEncoding = 4; lastKnownFileType = sourcecode.swift; path = ScannerView.swift; sourceTree = "<group>"; };
		22EFD05D24ABD16C00A208C2 /* AccountView.swift */ = {isa = PBXFileReference; lastKnownFileType = sourcecode.swift; path = AccountView.swift; sourceTree = "<group>"; };
		22EFD06024ABD1CC00A208C2 /* CircularButton.swift */ = {isa = PBXFileReference; lastKnownFileType = sourcecode.swift; path = CircularButton.swift; sourceTree = "<group>"; };
		22F2851F24A8E822002FDD8C /* ShinyAuthApp.swift */ = {isa = PBXFileReference; lastKnownFileType = sourcecode.swift; path = ShinyAuthApp.swift; sourceTree = "<group>"; };
		22F2852024A8E822002FDD8C /* ContentView.swift */ = {isa = PBXFileReference; lastKnownFileType = sourcecode.swift; path = ContentView.swift; sourceTree = "<group>"; };
		22F2852124A8E822002FDD8C /* Assets.xcassets */ = {isa = PBXFileReference; lastKnownFileType = folder.assetcatalog; path = Assets.xcassets; sourceTree = "<group>"; };
		22F2852624A8E822002FDD8C /* ShinyAuth.app */ = {isa = PBXFileReference; explicitFileType = wrapper.application; includeInIndex = 0; path = ShinyAuth.app; sourceTree = BUILT_PRODUCTS_DIR; };
		22F2852924A8E822002FDD8C /* Info.plist */ = {isa = PBXFileReference; lastKnownFileType = text.plist.xml; path = Info.plist; sourceTree = "<group>"; };
		22F2852E24A8E823002FDD8C /* ShinyAuth.app */ = {isa = PBXFileReference; explicitFileType = wrapper.application; includeInIndex = 0; path = ShinyAuth.app; sourceTree = BUILT_PRODUCTS_DIR; };
		22F2853024A8E823002FDD8C /* Info.plist */ = {isa = PBXFileReference; lastKnownFileType = text.plist.xml; path = Info.plist; sourceTree = "<group>"; };
		22F2853124A8E823002FDD8C /* macOS.entitlements */ = {isa = PBXFileReference; lastKnownFileType = text.plist.entitlements; path = macOS.entitlements; sourceTree = "<group>"; };
		22F2853624A8E823002FDD8C /* Tests iOS.xctest */ = {isa = PBXFileReference; explicitFileType = wrapper.cfbundle; includeInIndex = 0; path = "Tests iOS.xctest"; sourceTree = BUILT_PRODUCTS_DIR; };
		22F2853A24A8E823002FDD8C /* Tests_iOS.swift */ = {isa = PBXFileReference; lastKnownFileType = sourcecode.swift; path = Tests_iOS.swift; sourceTree = "<group>"; };
		22F2853C24A8E823002FDD8C /* Info.plist */ = {isa = PBXFileReference; lastKnownFileType = text.plist.xml; path = Info.plist; sourceTree = "<group>"; };
		22F2854124A8E823002FDD8C /* Tests macOS.xctest */ = {isa = PBXFileReference; explicitFileType = wrapper.cfbundle; includeInIndex = 0; path = "Tests macOS.xctest"; sourceTree = BUILT_PRODUCTS_DIR; };
		22F2854524A8E823002FDD8C /* Tests_macOS.swift */ = {isa = PBXFileReference; lastKnownFileType = sourcecode.swift; path = Tests_macOS.swift; sourceTree = "<group>"; };
		22F2854724A8E823002FDD8C /* Info.plist */ = {isa = PBXFileReference; lastKnownFileType = text.plist.xml; path = Info.plist; sourceTree = "<group>"; };
/* End PBXFileReference section */

/* Begin PBXFrameworksBuildPhase section */
		22F2852324A8E822002FDD8C /* Frameworks */ = {
			isa = PBXFrameworksBuildPhase;
			buildActionMask = 2147483647;
			files = (
				22101BF524A8E93C00EFFD78 /* OTPKit in Frameworks */,
			);
			runOnlyForDeploymentPostprocessing = 0;
		};
		22F2852B24A8E823002FDD8C /* Frameworks */ = {
			isa = PBXFrameworksBuildPhase;
			buildActionMask = 2147483647;
			files = (
				22101BF824A8E94600EFFD78 /* OTPKit in Frameworks */,
			);
			runOnlyForDeploymentPostprocessing = 0;
		};
		22F2853324A8E823002FDD8C /* Frameworks */ = {
			isa = PBXFrameworksBuildPhase;
			buildActionMask = 2147483647;
			files = (
			);
			runOnlyForDeploymentPostprocessing = 0;
		};
		22F2853E24A8E823002FDD8C /* Frameworks */ = {
			isa = PBXFrameworksBuildPhase;
			buildActionMask = 2147483647;
			files = (
			);
			runOnlyForDeploymentPostprocessing = 0;
		};
/* End PBXFrameworksBuildPhase section */

/* Begin PBXGroup section */
		22101BF624A8E94600EFFD78 /* Frameworks */ = {
			isa = PBXGroup;
			children = (
			);
			name = Frameworks;
			sourceTree = "<group>";
		};
		22F2851924A8E822002FDD8C = {
			isa = PBXGroup;
			children = (
				22F2851E24A8E822002FDD8C /* Shared */,
				22F2852824A8E822002FDD8C /* iOS */,
				22F2852F24A8E823002FDD8C /* macOS */,
				22F2853924A8E823002FDD8C /* Tests iOS */,
				22F2854424A8E823002FDD8C /* Tests macOS */,
				22F2852724A8E822002FDD8C /* Products */,
				22101BF624A8E94600EFFD78 /* Frameworks */,
			);
			sourceTree = "<group>";
		};
		22F2851E24A8E822002FDD8C /* Shared */ = {
			isa = PBXGroup;
			children = (
				22F2851F24A8E822002FDD8C /* ShinyAuthApp.swift */,
				22F2852024A8E822002FDD8C /* ContentView.swift */,
				22EFD05D24ABD16C00A208C2 /* AccountView.swift */,
				22EFD06024ABD1CC00A208C2 /* CircularButton.swift */,
				22101BF924A8EEB000EFFD78 /* GradientText.swift */,
				2285E02424AABCAD0028E234 /* ScannerView.swift */,
				2285E02324AABCAD0028E234 /* ScannerViewController.swift */,
				22F2852124A8E822002FDD8C /* Assets.xcassets */,
			);
			path = Shared;
			sourceTree = "<group>";
		};
		22F2852724A8E822002FDD8C /* Products */ = {
			isa = PBXGroup;
			children = (
				22F2852624A8E822002FDD8C /* ShinyAuth.app */,
				22F2852E24A8E823002FDD8C /* ShinyAuth.app */,
				22F2853624A8E823002FDD8C /* Tests iOS.xctest */,
				22F2854124A8E823002FDD8C /* Tests macOS.xctest */,
			);
			name = Products;
			sourceTree = "<group>";
		};
		22F2852824A8E822002FDD8C /* iOS */ = {
			isa = PBXGroup;
			children = (
				22F2852924A8E822002FDD8C /* Info.plist */,
			);
			path = iOS;
			sourceTree = "<group>";
		};
		22F2852F24A8E823002FDD8C /* macOS */ = {
			isa = PBXGroup;
			children = (
				22F2853024A8E823002FDD8C /* Info.plist */,
				22F2853124A8E823002FDD8C /* macOS.entitlements */,
			);
			path = macOS;
			sourceTree = "<group>";
		};
		22F2853924A8E823002FDD8C /* Tests iOS */ = {
			isa = PBXGroup;
			children = (
				22F2853A24A8E823002FDD8C /* Tests_iOS.swift */,
				22F2853C24A8E823002FDD8C /* Info.plist */,
			);
			path = "Tests iOS";
			sourceTree = "<group>";
		};
		22F2854424A8E823002FDD8C /* Tests macOS */ = {
			isa = PBXGroup;
			children = (
				22F2854524A8E823002FDD8C /* Tests_macOS.swift */,
				22F2854724A8E823002FDD8C /* Info.plist */,
			);
			path = "Tests macOS";
			sourceTree = "<group>";
		};
/* End PBXGroup section */

/* Begin PBXNativeTarget section */
		22F2852524A8E822002FDD8C /* iOS */ = {
			isa = PBXNativeTarget;
			buildConfigurationList = 22F2855024A8E823002FDD8C /* Build configuration list for PBXNativeTarget "iOS" */;
			buildPhases = (
				22F2852224A8E822002FDD8C /* Sources */,
				22F2852324A8E822002FDD8C /* Frameworks */,
				22F2852424A8E822002FDD8C /* Resources */,
			);
			buildRules = (
			);
			dependencies = (
			);
			name = iOS;
			packageProductDependencies = (
				22101BF424A8E93C00EFFD78 /* OTPKit */,
			);
			productName = iOS;
			productReference = 22F2852624A8E822002FDD8C /* ShinyAuth.app */;
			productType = "com.apple.product-type.application";
		};
		22F2852D24A8E823002FDD8C /* macOS */ = {
			isa = PBXNativeTarget;
			buildConfigurationList = 22F2855324A8E823002FDD8C /* Build configuration list for PBXNativeTarget "macOS" */;
			buildPhases = (
				22F2852A24A8E823002FDD8C /* Sources */,
				22F2852B24A8E823002FDD8C /* Frameworks */,
				22F2852C24A8E823002FDD8C /* Resources */,
			);
			buildRules = (
			);
			dependencies = (
			);
			name = macOS;
			packageProductDependencies = (
				22101BF724A8E94600EFFD78 /* OTPKit */,
			);
			productName = macOS;
			productReference = 22F2852E24A8E823002FDD8C /* ShinyAuth.app */;
			productType = "com.apple.product-type.application";
		};
		22F2853524A8E823002FDD8C /* Tests iOS */ = {
			isa = PBXNativeTarget;
			buildConfigurationList = 22F2855624A8E823002FDD8C /* Build configuration list for PBXNativeTarget "Tests iOS" */;
			buildPhases = (
				22F2853224A8E823002FDD8C /* Sources */,
				22F2853324A8E823002FDD8C /* Frameworks */,
				22F2853424A8E823002FDD8C /* Resources */,
			);
			buildRules = (
			);
			dependencies = (
				22F2853824A8E823002FDD8C /* PBXTargetDependency */,
			);
			name = "Tests iOS";
			productName = "Tests iOS";
			productReference = 22F2853624A8E823002FDD8C /* Tests iOS.xctest */;
			productType = "com.apple.product-type.bundle.ui-testing";
		};
		22F2854024A8E823002FDD8C /* Tests macOS */ = {
			isa = PBXNativeTarget;
			buildConfigurationList = 22F2855924A8E823002FDD8C /* Build configuration list for PBXNativeTarget "Tests macOS" */;
			buildPhases = (
				22F2853D24A8E823002FDD8C /* Sources */,
				22F2853E24A8E823002FDD8C /* Frameworks */,
				22F2853F24A8E823002FDD8C /* Resources */,
			);
			buildRules = (
			);
			dependencies = (
				22F2854324A8E823002FDD8C /* PBXTargetDependency */,
			);
			name = "Tests macOS";
			productName = "Tests macOS";
			productReference = 22F2854124A8E823002FDD8C /* Tests macOS.xctest */;
			productType = "com.apple.product-type.bundle.ui-testing";
		};
/* End PBXNativeTarget section */

/* Begin PBXProject section */
		22F2851A24A8E822002FDD8C /* Project object */ = {
			isa = PBXProject;
			attributes = {
				LastSwiftUpdateCheck = 1200;
				LastUpgradeCheck = 1200;
				TargetAttributes = {
					22F2852524A8E822002FDD8C = {
						CreatedOnToolsVersion = 12.0;
					};
					22F2852D24A8E823002FDD8C = {
						CreatedOnToolsVersion = 12.0;
					};
					22F2853524A8E823002FDD8C = {
						CreatedOnToolsVersion = 12.0;
						TestTargetID = 22F2852524A8E822002FDD8C;
					};
					22F2854024A8E823002FDD8C = {
						CreatedOnToolsVersion = 12.0;
						TestTargetID = 22F2852D24A8E823002FDD8C;
					};
				};
			};
			buildConfigurationList = 22F2851D24A8E822002FDD8C /* Build configuration list for PBXProject "ShinyAuth" */;
			compatibilityVersion = "Xcode 9.3";
			developmentRegion = en;
			hasScannedForEncodings = 0;
			knownRegions = (
				en,
				Base,
			);
			mainGroup = 22F2851924A8E822002FDD8C;
			packageReferences = (
				22101BF324A8E93C00EFFD78 /* XCRemoteSwiftPackageReference "OTPKit" */,
			);
			productRefGroup = 22F2852724A8E822002FDD8C /* Products */;
			projectDirPath = "";
			projectRoot = "";
			targets = (
				22F2852524A8E822002FDD8C /* iOS */,
				22F2852D24A8E823002FDD8C /* macOS */,
				22F2853524A8E823002FDD8C /* Tests iOS */,
				22F2854024A8E823002FDD8C /* Tests macOS */,
			);
		};
/* End PBXProject section */

/* Begin PBXResourcesBuildPhase section */
		22F2852424A8E822002FDD8C /* Resources */ = {
			isa = PBXResourcesBuildPhase;
			buildActionMask = 2147483647;
			files = (
				22F2854C24A8E823002FDD8C /* Assets.xcassets in Resources */,
			);
			runOnlyForDeploymentPostprocessing = 0;
		};
		22F2852C24A8E823002FDD8C /* Resources */ = {
			isa = PBXResourcesBuildPhase;
			buildActionMask = 2147483647;
			files = (
				22F2854D24A8E823002FDD8C /* Assets.xcassets in Resources */,
			);
			runOnlyForDeploymentPostprocessing = 0;
		};
		22F2853424A8E823002FDD8C /* Resources */ = {
			isa = PBXResourcesBuildPhase;
			buildActionMask = 2147483647;
			files = (
			);
			runOnlyForDeploymentPostprocessing = 0;
		};
		22F2853F24A8E823002FDD8C /* Resources */ = {
			isa = PBXResourcesBuildPhase;
			buildActionMask = 2147483647;
			files = (
			);
			runOnlyForDeploymentPostprocessing = 0;
		};
/* End PBXResourcesBuildPhase section */

/* Begin PBXSourcesBuildPhase section */
		22F2852224A8E822002FDD8C /* Sources */ = {
			isa = PBXSourcesBuildPhase;
			buildActionMask = 2147483647;
			files = (
				22EFD05E24ABD16C00A208C2 /* AccountView.swift in Sources */,
				22F2854A24A8E823002FDD8C /* ContentView.swift in Sources */,
				22F2854824A8E823002FDD8C /* ShinyAuthApp.swift in Sources */,
				22101BFA24A8EEB000EFFD78 /* GradientText.swift in Sources */,
				2285E02524AABCAD0028E234 /* ScannerViewController.swift in Sources */,
				2285E02724AABCAD0028E234 /* ScannerView.swift in Sources */,
				22EFD06124ABD1CC00A208C2 /* CircularButton.swift in Sources */,
			);
			runOnlyForDeploymentPostprocessing = 0;
		};
		22F2852A24A8E823002FDD8C /* Sources */ = {
			isa = PBXSourcesBuildPhase;
			buildActionMask = 2147483647;
			files = (
				22EFD05F24ABD16C00A208C2 /* AccountView.swift in Sources */,
				22F2854B24A8E823002FDD8C /* ContentView.swift in Sources */,
				22F2854924A8E823002FDD8C /* ShinyAuthApp.swift in Sources */,
				22101BFB24A8EEB000EFFD78 /* GradientText.swift in Sources */,
				2285E02624AABCAD0028E234 /* ScannerViewController.swift in Sources */,
				2285E02824AABCAD0028E234 /* ScannerView.swift in Sources */,
				22EFD06224ABD1CC00A208C2 /* CircularButton.swift in Sources */,
			);
			runOnlyForDeploymentPostprocessing = 0;
		};
		22F2853224A8E823002FDD8C /* Sources */ = {
			isa = PBXSourcesBuildPhase;
			buildActionMask = 2147483647;
			files = (
				22F2853B24A8E823002FDD8C /* Tests_iOS.swift in Sources */,
			);
			runOnlyForDeploymentPostprocessing = 0;
		};
		22F2853D24A8E823002FDD8C /* Sources */ = {
			isa = PBXSourcesBuildPhase;
			buildActionMask = 2147483647;
			files = (
				22F2854624A8E823002FDD8C /* Tests_macOS.swift in Sources */,
			);
			runOnlyForDeploymentPostprocessing = 0;
		};
/* End PBXSourcesBuildPhase section */

/* Begin PBXTargetDependency section */
		22F2853824A8E823002FDD8C /* PBXTargetDependency */ = {
			isa = PBXTargetDependency;
			target = 22F2852524A8E822002FDD8C /* iOS */;
			targetProxy = 22F2853724A8E823002FDD8C /* PBXContainerItemProxy */;
		};
		22F2854324A8E823002FDD8C /* PBXTargetDependency */ = {
			isa = PBXTargetDependency;
			target = 22F2852D24A8E823002FDD8C /* macOS */;
			targetProxy = 22F2854224A8E823002FDD8C /* PBXContainerItemProxy */;
		};
/* End PBXTargetDependency section */

/* Begin XCBuildConfiguration section */
		22F2854E24A8E823002FDD8C /* Debug */ = {
			isa = XCBuildConfiguration;
			buildSettings = {
				ALWAYS_SEARCH_USER_PATHS = NO;
				CLANG_ANALYZER_NONNULL = YES;
				CLANG_ANALYZER_NUMBER_OBJECT_CONVERSION = YES_AGGRESSIVE;
				CLANG_CXX_LANGUAGE_STANDARD = "gnu++14";
				CLANG_CXX_LIBRARY = "libc++";
				CLANG_ENABLE_MODULES = YES;
				CLANG_ENABLE_OBJC_ARC = YES;
				CLANG_ENABLE_OBJC_WEAK = YES;
				CLANG_WARN_BLOCK_CAPTURE_AUTORELEASING = YES;
				CLANG_WARN_BOOL_CONVERSION = YES;
				CLANG_WARN_COMMA = YES;
				CLANG_WARN_CONSTANT_CONVERSION = YES;
				CLANG_WARN_DEPRECATED_OBJC_IMPLEMENTATIONS = YES;
				CLANG_WARN_DIRECT_OBJC_ISA_USAGE = YES_ERROR;
				CLANG_WARN_DOCUMENTATION_COMMENTS = YES;
				CLANG_WARN_EMPTY_BODY = YES;
				CLANG_WARN_ENUM_CONVERSION = YES;
				CLANG_WARN_INFINITE_RECURSION = YES;
				CLANG_WARN_INT_CONVERSION = YES;
				CLANG_WARN_NON_LITERAL_NULL_CONVERSION = YES;
				CLANG_WARN_OBJC_IMPLICIT_RETAIN_SELF = YES;
				CLANG_WARN_OBJC_LITERAL_CONVERSION = YES;
				CLANG_WARN_OBJC_ROOT_CLASS = YES_ERROR;
				CLANG_WARN_QUOTED_INCLUDE_IN_FRAMEWORK_HEADER = YES;
				CLANG_WARN_RANGE_LOOP_ANALYSIS = YES;
				CLANG_WARN_STRICT_PROTOTYPES = YES;
				CLANG_WARN_SUSPICIOUS_MOVE = YES;
				CLANG_WARN_UNGUARDED_AVAILABILITY = YES_AGGRESSIVE;
				CLANG_WARN_UNREACHABLE_CODE = YES;
				CLANG_WARN__DUPLICATE_METHOD_MATCH = YES;
				COPY_PHASE_STRIP = NO;
				DEBUG_INFORMATION_FORMAT = dwarf;
				ENABLE_STRICT_OBJC_MSGSEND = YES;
				ENABLE_TESTABILITY = YES;
				GCC_C_LANGUAGE_STANDARD = gnu11;
				GCC_DYNAMIC_NO_PIC = NO;
				GCC_NO_COMMON_BLOCKS = YES;
				GCC_OPTIMIZATION_LEVEL = 0;
				GCC_PREPROCESSOR_DEFINITIONS = (
					"DEBUG=1",
					"$(inherited)",
				);
				GCC_WARN_64_TO_32_BIT_CONVERSION = YES;
				GCC_WARN_ABOUT_RETURN_TYPE = YES_ERROR;
				GCC_WARN_UNDECLARED_SELECTOR = YES;
				GCC_WARN_UNINITIALIZED_AUTOS = YES_AGGRESSIVE;
				GCC_WARN_UNUSED_FUNCTION = YES;
				GCC_WARN_UNUSED_VARIABLE = YES;
				IPHONEOS_DEPLOYMENT_TARGET = 14.0;
				MACOSX_DEPLOYMENT_TARGET = 10.16;
				MTL_ENABLE_DEBUG_INFO = INCLUDE_SOURCE;
				MTL_FAST_MATH = YES;
				ONLY_ACTIVE_ARCH = YES;
				SWIFT_ACTIVE_COMPILATION_CONDITIONS = DEBUG;
				SWIFT_OPTIMIZATION_LEVEL = "-Onone";
			};
			name = Debug;
		};
		22F2854F24A8E823002FDD8C /* Release */ = {
			isa = XCBuildConfiguration;
			buildSettings = {
				ALWAYS_SEARCH_USER_PATHS = NO;
				CLANG_ANALYZER_NONNULL = YES;
				CLANG_ANALYZER_NUMBER_OBJECT_CONVERSION = YES_AGGRESSIVE;
				CLANG_CXX_LANGUAGE_STANDARD = "gnu++14";
				CLANG_CXX_LIBRARY = "libc++";
				CLANG_ENABLE_MODULES = YES;
				CLANG_ENABLE_OBJC_ARC = YES;
				CLANG_ENABLE_OBJC_WEAK = YES;
				CLANG_WARN_BLOCK_CAPTURE_AUTORELEASING = YES;
				CLANG_WARN_BOOL_CONVERSION = YES;
				CLANG_WARN_COMMA = YES;
				CLANG_WARN_CONSTANT_CONVERSION = YES;
				CLANG_WARN_DEPRECATED_OBJC_IMPLEMENTATIONS = YES;
				CLANG_WARN_DIRECT_OBJC_ISA_USAGE = YES_ERROR;
				CLANG_WARN_DOCUMENTATION_COMMENTS = YES;
				CLANG_WARN_EMPTY_BODY = YES;
				CLANG_WARN_ENUM_CONVERSION = YES;
				CLANG_WARN_INFINITE_RECURSION = YES;
				CLANG_WARN_INT_CONVERSION = YES;
				CLANG_WARN_NON_LITERAL_NULL_CONVERSION = YES;
				CLANG_WARN_OBJC_IMPLICIT_RETAIN_SELF = YES;
				CLANG_WARN_OBJC_LITERAL_CONVERSION = YES;
				CLANG_WARN_OBJC_ROOT_CLASS = YES_ERROR;
				CLANG_WARN_QUOTED_INCLUDE_IN_FRAMEWORK_HEADER = YES;
				CLANG_WARN_RANGE_LOOP_ANALYSIS = YES;
				CLANG_WARN_STRICT_PROTOTYPES = YES;
				CLANG_WARN_SUSPICIOUS_MOVE = YES;
				CLANG_WARN_UNGUARDED_AVAILABILITY = YES_AGGRESSIVE;
				CLANG_WARN_UNREACHABLE_CODE = YES;
				CLANG_WARN__DUPLICATE_METHOD_MATCH = YES;
				COPY_PHASE_STRIP = NO;
				DEBUG_INFORMATION_FORMAT = "dwarf-with-dsym";
				ENABLE_NS_ASSERTIONS = NO;
				ENABLE_STRICT_OBJC_MSGSEND = YES;
				GCC_C_LANGUAGE_STANDARD = gnu11;
				GCC_NO_COMMON_BLOCKS = YES;
				GCC_WARN_64_TO_32_BIT_CONVERSION = YES;
				GCC_WARN_ABOUT_RETURN_TYPE = YES_ERROR;
				GCC_WARN_UNDECLARED_SELECTOR = YES;
				GCC_WARN_UNINITIALIZED_AUTOS = YES_AGGRESSIVE;
				GCC_WARN_UNUSED_FUNCTION = YES;
				GCC_WARN_UNUSED_VARIABLE = YES;
				IPHONEOS_DEPLOYMENT_TARGET = 14.0;
				MACOSX_DEPLOYMENT_TARGET = 10.16;
				MTL_ENABLE_DEBUG_INFO = NO;
				MTL_FAST_MATH = YES;
				SWIFT_COMPILATION_MODE = wholemodule;
				SWIFT_OPTIMIZATION_LEVEL = "-O";
			};
			name = Release;
		};
		22F2855124A8E823002FDD8C /* Debug */ = {
			isa = XCBuildConfiguration;
			buildSettings = {
				ASSETCATALOG_COMPILER_APPICON_NAME = AppIcon;
				ASSETCATALOG_COMPILER_GLOBAL_ACCENT_COLOR_NAME = AccentColor;
				CODE_SIGN_STYLE = Automatic;
				DEVELOPMENT_TEAM = 4PHTS536MV;
				ENABLE_PREVIEWS = YES;
				INFOPLIST_FILE = iOS/Info.plist;
				IPHONEOS_DEPLOYMENT_TARGET = 14.0;
				LD_RUNPATH_SEARCH_PATHS = (
					"$(inherited)",
					"@executable_path/Frameworks",
				);
				PRODUCT_BUNDLE_IDENTIFIER = ch.gymni.tim.ShinyAuth;
				PRODUCT_NAME = ShinyAuth;
				SDKROOT = iphoneos;
				SWIFT_VERSION = 5.0;
				TARGETED_DEVICE_FAMILY = "1,2";
			};
			name = Debug;
		};
		22F2855224A8E823002FDD8C /* Release */ = {
			isa = XCBuildConfiguration;
			buildSettings = {
				ASSETCATALOG_COMPILER_APPICON_NAME = AppIcon;
				ASSETCATALOG_COMPILER_GLOBAL_ACCENT_COLOR_NAME = AccentColor;
				CODE_SIGN_STYLE = Automatic;
				DEVELOPMENT_TEAM = 4PHTS536MV;
				ENABLE_PREVIEWS = YES;
				INFOPLIST_FILE = iOS/Info.plist;
				IPHONEOS_DEPLOYMENT_TARGET = 14.0;
				LD_RUNPATH_SEARCH_PATHS = (
					"$(inherited)",
					"@executable_path/Frameworks",
				);
				PRODUCT_BUNDLE_IDENTIFIER = ch.gymni.tim.ShinyAuth;
				PRODUCT_NAME = ShinyAuth;
				SDKROOT = iphoneos;
				SWIFT_VERSION = 5.0;
				TARGETED_DEVICE_FAMILY = "1,2";
				VALIDATE_PRODUCT = YES;
			};
			name = Release;
		};
		22F2855424A8E823002FDD8C /* Debug */ = {
			isa = XCBuildConfiguration;
			buildSettings = {
				ASSETCATALOG_COMPILER_APPICON_NAME = AppIcon;
				ASSETCATALOG_COMPILER_GLOBAL_ACCENT_COLOR_NAME = AccentColor;
				CODE_SIGN_ENTITLEMENTS = macOS/macOS.entitlements;
				CODE_SIGN_STYLE = Automatic;
				COMBINE_HIDPI_IMAGES = YES;
				DEVELOPMENT_TEAM = 4PHTS536MV;
				ENABLE_HARDENED_RUNTIME = YES;
				ENABLE_PREVIEWS = YES;
				INFOPLIST_FILE = macOS/Info.plist;
				LD_RUNPATH_SEARCH_PATHS = (
					"$(inherited)",
					"@executable_path/../Frameworks",
				);
				MACOSX_DEPLOYMENT_TARGET = 10.16;
				PRODUCT_BUNDLE_IDENTIFIER = ch.gymni.tim.ShinyAuth;
				PRODUCT_NAME = ShinyAuth;
				SDKROOT = macosx;
				SWIFT_VERSION = 5.0;
			};
			name = Debug;
		};
		22F2855524A8E823002FDD8C /* Release */ = {
			isa = XCBuildConfiguration;
			buildSettings = {
				ASSETCATALOG_COMPILER_APPICON_NAME = AppIcon;
				ASSETCATALOG_COMPILER_GLOBAL_ACCENT_COLOR_NAME = AccentColor;
				CODE_SIGN_ENTITLEMENTS = macOS/macOS.entitlements;
				CODE_SIGN_STYLE = Automatic;
				COMBINE_HIDPI_IMAGES = YES;
				DEVELOPMENT_TEAM = 4PHTS536MV;
				ENABLE_HARDENED_RUNTIME = YES;
				ENABLE_PREVIEWS = YES;
				INFOPLIST_FILE = macOS/Info.plist;
				LD_RUNPATH_SEARCH_PATHS = (
					"$(inherited)",
					"@executable_path/../Frameworks",
				);
				MACOSX_DEPLOYMENT_TARGET = 10.16;
				PRODUCT_BUNDLE_IDENTIFIER = ch.gymni.tim.ShinyAuth;
				PRODUCT_NAME = ShinyAuth;
				SDKROOT = macosx;
				SWIFT_VERSION = 5.0;
			};
			name = Release;
		};
		22F2855724A8E823002FDD8C /* Debug */ = {
			isa = XCBuildConfiguration;
			buildSettings = {
				ALWAYS_EMBED_SWIFT_STANDARD_LIBRARIES = YES;
				CODE_SIGN_STYLE = Automatic;
				DEVELOPMENT_TEAM = 4PHTS536MV;
				INFOPLIST_FILE = "Tests iOS/Info.plist";
				IPHONEOS_DEPLOYMENT_TARGET = 14.0;
				LD_RUNPATH_SEARCH_PATHS = (
					"$(inherited)",
					"@executable_path/Frameworks",
					"@loader_path/Frameworks",
				);
				PRODUCT_BUNDLE_IDENTIFIER = "ch.gymni.tim.Tests-iOS";
				PRODUCT_NAME = "$(TARGET_NAME)";
				SDKROOT = iphoneos;
				SWIFT_VERSION = 5.0;
				TARGETED_DEVICE_FAMILY = "1,2";
				TEST_TARGET_NAME = iOS;
			};
			name = Debug;
		};
		22F2855824A8E823002FDD8C /* Release */ = {
			isa = XCBuildConfiguration;
			buildSettings = {
				ALWAYS_EMBED_SWIFT_STANDARD_LIBRARIES = YES;
				CODE_SIGN_STYLE = Automatic;
				DEVELOPMENT_TEAM = 4PHTS536MV;
				INFOPLIST_FILE = "Tests iOS/Info.plist";
				IPHONEOS_DEPLOYMENT_TARGET = 14.0;
				LD_RUNPATH_SEARCH_PATHS = (
					"$(inherited)",
					"@executable_path/Frameworks",
					"@loader_path/Frameworks",
				);
				PRODUCT_BUNDLE_IDENTIFIER = "ch.gymni.tim.Tests-iOS";
				PRODUCT_NAME = "$(TARGET_NAME)";
				SDKROOT = iphoneos;
				SWIFT_VERSION = 5.0;
				TARGETED_DEVICE_FAMILY = "1,2";
				TEST_TARGET_NAME = iOS;
				VALIDATE_PRODUCT = YES;
			};
			name = Release;
		};
		22F2855A24A8E823002FDD8C /* Debug */ = {
			isa = XCBuildConfiguration;
			buildSettings = {
				ALWAYS_EMBED_SWIFT_STANDARD_LIBRARIES = YES;
				CODE_SIGN_STYLE = Automatic;
				COMBINE_HIDPI_IMAGES = YES;
				DEVELOPMENT_TEAM = 4PHTS536MV;
				INFOPLIST_FILE = "Tests macOS/Info.plist";
				LD_RUNPATH_SEARCH_PATHS = (
					"$(inherited)",
					"@executable_path/../Frameworks",
					"@loader_path/../Frameworks",
				);
				MACOSX_DEPLOYMENT_TARGET = 10.15;
				PRODUCT_BUNDLE_IDENTIFIER = "ch.gymni.tim.Tests-macOS";
				PRODUCT_NAME = "$(TARGET_NAME)";
				SDKROOT = macosx;
				SWIFT_VERSION = 5.0;
				TEST_TARGET_NAME = macOS;
			};
			name = Debug;
		};
		22F2855B24A8E823002FDD8C /* Release */ = {
			isa = XCBuildConfiguration;
			buildSettings = {
				ALWAYS_EMBED_SWIFT_STANDARD_LIBRARIES = YES;
				CODE_SIGN_STYLE = Automatic;
				COMBINE_HIDPI_IMAGES = YES;
				DEVELOPMENT_TEAM = 4PHTS536MV;
				INFOPLIST_FILE = "Tests macOS/Info.plist";
				LD_RUNPATH_SEARCH_PATHS = (
					"$(inherited)",
					"@executable_path/../Frameworks",
					"@loader_path/../Frameworks",
				);
				MACOSX_DEPLOYMENT_TARGET = 10.15;
				PRODUCT_BUNDLE_IDENTIFIER = "ch.gymni.tim.Tests-macOS";
				PRODUCT_NAME = "$(TARGET_NAME)";
				SDKROOT = macosx;
				SWIFT_VERSION = 5.0;
				TEST_TARGET_NAME = macOS;
			};
			name = Release;
		};
/* End XCBuildConfiguration section */

/* Begin XCConfigurationList section */
		22F2851D24A8E822002FDD8C /* Build configuration list for PBXProject "ShinyAuth" */ = {
			isa = XCConfigurationList;
			buildConfigurations = (
				22F2854E24A8E823002FDD8C /* Debug */,
				22F2854F24A8E823002FDD8C /* Release */,
			);
			defaultConfigurationIsVisible = 0;
			defaultConfigurationName = Release;
		};
		22F2855024A8E823002FDD8C /* Build configuration list for PBXNativeTarget "iOS" */ = {
			isa = XCConfigurationList;
			buildConfigurations = (
				22F2855124A8E823002FDD8C /* Debug */,
				22F2855224A8E823002FDD8C /* Release */,
			);
			defaultConfigurationIsVisible = 0;
			defaultConfigurationName = Release;
		};
		22F2855324A8E823002FDD8C /* Build configuration list for PBXNativeTarget "macOS" */ = {
			isa = XCConfigurationList;
			buildConfigurations = (
				22F2855424A8E823002FDD8C /* Debug */,
				22F2855524A8E823002FDD8C /* Release */,
			);
			defaultConfigurationIsVisible = 0;
			defaultConfigurationName = Release;
		};
		22F2855624A8E823002FDD8C /* Build configuration list for PBXNativeTarget "Tests iOS" */ = {
			isa = XCConfigurationList;
			buildConfigurations = (
				22F2855724A8E823002FDD8C /* Debug */,
				22F2855824A8E823002FDD8C /* Release */,
			);
			defaultConfigurationIsVisible = 0;
			defaultConfigurationName = Release;
		};
		22F2855924A8E823002FDD8C /* Build configuration list for PBXNativeTarget "Tests macOS" */ = {
			isa = XCConfigurationList;
			buildConfigurations = (
				22F2855A24A8E823002FDD8C /* Debug */,
				22F2855B24A8E823002FDD8C /* Release */,
			);
			defaultConfigurationIsVisible = 0;
			defaultConfigurationName = Release;
		};
/* End XCConfigurationList section */

/* Begin XCRemoteSwiftPackageReference section */
		22101BF324A8E93C00EFFD78 /* XCRemoteSwiftPackageReference "OTPKit" */ = {
			isa = XCRemoteSwiftPackageReference;
			repositoryURL = "git@github.com:TG908/OTPKit.git";
			requirement = {
				kind = upToNextMajorVersion;
				minimumVersion = 1.0.0;
			};
		};
/* End XCRemoteSwiftPackageReference section */

/* Begin XCSwiftPackageProductDependency section */
		22101BF424A8E93C00EFFD78 /* OTPKit */ = {
			isa = XCSwiftPackageProductDependency;
			package = 22101BF324A8E93C00EFFD78 /* XCRemoteSwiftPackageReference "OTPKit" */;
			productName = OTPKit;
		};
		22101BF724A8E94600EFFD78 /* OTPKit */ = {
			isa = XCSwiftPackageProductDependency;
			package = 22101BF324A8E93C00EFFD78 /* XCRemoteSwiftPackageReference "OTPKit" */;
			productName = OTPKit;
		};
/* End XCSwiftPackageProductDependency section */
	};
	rootObject = 22F2851A24A8E822002FDD8C /* Project object */;
}
