{
  "object": {
    "pins": [
      {
        "package": "Base32",
        "repositoryURL": "https://github.com/norio-nomura/Base32.git",
        "state": {
          "branch": null,
          "revision": "69fc95dd2e4229a2fd82e14d9358c23b0fd8cf74",
          "version": "0.8.0"
        }
      },
      {
        "package": "KeychainAccess",
        "repositoryURL": "https://github.com/kishikawakatsumi/KeychainAccess.git",
        "state": {
          "branch": null,
          "revision": "3d0ea2c0806791abcc5d7f0d9f62f1cfd4a7264d",
          "version": "4.2.0"
        }
      },
      {
        "package": "OTPKit",
        "repositoryURL": "git@github.com:TG908/OTPKit.git",
        "state": {
          "branch": null,
          "revision": "7d111c6b3946bc97ee2d6e96781bcdd264520a0a",
          "version": "0.0.19"
        }
      }
    ]
  },
  "version": 1
}
